
Microsoft Visual Studio Solution File, Format Version 12.00
# Visual Studio Version 17
VisualStudioVersion = 17.3.32811.315
MinimumVisualStudioVersion = 10.0.40219.1
Project("{2150E333-8FDC-42A3-9474-1A3956D46DE8}") = ".Build", ".Build", "{186AA57E-0EFA-4579-B045-677A720DC241}"
	ProjectSection(SolutionItems) = preProject
		.editorconfig = .editorconfig
		.gitignore = .gitignore
		Build\Directory.build.common.props = Build\Directory.build.common.props
		Build\Directory.build.common.targets = Build\Directory.build.common.targets
		Directory.Build.props = Directory.Build.props
		Directory.build.targets = Directory.build.targets
		Directory.buildcpp.props = Directory.buildcpp.props
		Directory.Packages.props = Directory.Packages.props
		global.json = global.json
		LICENSE = LICENSE
		README.md = README.md
	EndProjectSection
EndProject
Project("{9A19103F-16F7-4668-BE54-9A1E7A4F7556}") = "LocalizationResourceManager.Sample", "Source\Sample\LocalizationResourceManager.Sample\LocalizationResourceManager.Sample.csproj", "{7CFACA55-2AEE-48C0-8AF4-5D173CC2E08C}"
EndProject
Project("{2150E333-8FDC-42A3-9474-1A3956D46DE8}") = "Sample", "Sample", "{CB7C8C7F-87A4-4B72-AF88-2EE06D21D0BB}"
EndProject
Project("{9A19103F-16F7-4668-BE54-9A1E7A4F7556}") = "LocalizationResourceManager.Avalonia", "Source\LocalizationResourceManager.Avalonia\LocalizationResourceManager.Avalonia.csproj", "{E731E6D1-A447-4E36-AA01-C2EE271902D1}"
EndProject
Project("{9A19103F-16F7-4668-BE54-9A1E7A4F7556}") = "LocalizationResourceManager.Android", "Source\Sample\LocalizationResourceManager.Android\LocalizationResourceManager.Android.csproj", "{B4638324-8334-4DF8-A3D1-88954DED8516}"
EndProject
Project("{9A19103F-16F7-4668-BE54-9A1E7A4F7556}") = "LocalizationResourceManager.Desktop", "Source\Sample\LocalizationResourceManager.Desktop\LocalizationResourceManager.Desktop.csproj", "{5FB5294C-10D9-4193-9A98-9FD732A7B8F6}"
EndProject
Project("{9A19103F-16F7-4668-BE54-9A1E7A4F7556}") = "LocalizationResourceManager.iOS", "Source\Sample\LocalizationResourceManager.iOS\LocalizationResourceManager.iOS.csproj", "{560F6EBD-6C47-486F-B539-84DB24407AC7}"
EndProject
Project("{9A19103F-16F7-4668-BE54-9A1E7A4F7556}") = "LocalizationResourceManager.Web", "Source\Sample\LocalizationResourceManager.Web\LocalizationResourceManager.Web.csproj", "{620BDB94-48DB-4D67-A576-69F5D4F2EC44}"
EndProject
Global
	GlobalSection(SolutionConfigurationPlatforms) = preSolution
		Debug|Any CPU = Debug|Any CPU
		Release|Any CPU = Release|Any CPU
	EndGlobalSection
	GlobalSection(ProjectConfigurationPlatforms) = postSolution
		{7CFACA55-2AEE-48C0-8AF4-5D173CC2E08C}.Debug|Any CPU.ActiveCfg = Debug|Any CPU
		{7CFACA55-2AEE-48C0-8AF4-5D173CC2E08C}.Debug|Any CPU.Build.0 = Debug|Any CPU
		{7CFACA55-2AEE-48C0-8AF4-5D173CC2E08C}.Release|Any CPU.ActiveCfg = Release|Any CPU
		{7CFACA55-2AEE-48C0-8AF4-5D173CC2E08C}.Release|Any CPU.Build.0 = Release|Any CPU
		{E731E6D1-A447-4E36-AA01-C2EE271902D1}.Debug|Any CPU.ActiveCfg = Debug|Any CPU
		{E731E6D1-A447-4E36-AA01-C2EE271902D1}.Debug|Any CPU.Build.0 = Debug|Any CPU
		{E731E6D1-A447-4E36-AA01-C2EE271902D1}.Release|Any CPU.ActiveCfg = Release|Any CPU
		{E731E6D1-A447-4E36-AA01-C2EE271902D1}.Release|Any CPU.Build.0 = Release|Any CPU
		{B4638324-8334-4DF8-A3D1-88954DED8516}.Debug|Any CPU.ActiveCfg = Debug|Any CPU
		{B4638324-8334-4DF8-A3D1-88954DED8516}.Debug|Any CPU.Build.0 = Debug|Any CPU
		{B4638324-8334-4DF8-A3D1-88954DED8516}.Debug|Any CPU.Deploy.0 = Debug|Any CPU
		{B4638324-8334-4DF8-A3D1-88954DED8516}.Release|Any CPU.ActiveCfg = Release|Any CPU
		{B4638324-8334-4DF8-A3D1-88954DED8516}.Release|Any CPU.Build.0 = Release|Any CPU
		{B4638324-8334-4DF8-A3D1-88954DED8516}.Release|Any CPU.Deploy.0 = Release|Any CPU
		{5FB5294C-10D9-4193-9A98-9FD732A7B8F6}.Debug|Any CPU.ActiveCfg = Debug|Any CPU
		{5FB5294C-10D9-4193-9A98-9FD732A7B8F6}.Debug|Any CPU.Build.0 = Debug|Any CPU
		{5FB5294C-10D9-4193-9A98-9FD732A7B8F6}.Release|Any CPU.ActiveCfg = Release|Any CPU
		{5FB5294C-10D9-4193-9A98-9FD732A7B8F6}.Release|Any CPU.Build.0 = Release|Any CPU
		{560F6EBD-6C47-486F-B539-84DB24407AC7}.Debug|Any CPU.ActiveCfg = Debug|Any CPU
		{560F6EBD-6C47-486F-B539-84DB24407AC7}.Debug|Any CPU.Build.0 = Debug|Any CPU
		{560F6EBD-6C47-486F-B539-84DB24407AC7}.Debug|Any CPU.Deploy.0 = Debug|Any CPU
		{560F6EBD-6C47-486F-B539-84DB24407AC7}.Release|Any CPU.ActiveCfg = Release|Any CPU
		{560F6EBD-6C47-486F-B539-84DB24407AC7}.Release|Any CPU.Build.0 = Release|Any CPU
		{560F6EBD-6C47-486F-B539-84DB24407AC7}.Release|Any CPU.Deploy.0 = Release|Any CPU
		{620BDB94-48DB-4D67-A576-69F5D4F2EC44}.Debug|Any CPU.ActiveCfg = Debug|Any CPU
		{620BDB94-48DB-4D67-A576-69F5D4F2EC44}.Debug|Any CPU.Build.0 = Debug|Any CPU
		{620BDB94-48DB-4D67-A576-69F5D4F2EC44}.Release|Any CPU.ActiveCfg = Release|Any CPU
		{620BDB94-48DB-4D67-A576-69F5D4F2EC44}.Release|Any CPU.Build.0 = Release|Any CPU
	EndGlobalSection
	GlobalSection(SolutionProperties) = preSolution
		HideSolutionNode = FALSE
	EndGlobalSection
	GlobalSection(NestedProjects) = preSolution
		{7CFACA55-2AEE-48C0-8AF4-5D173CC2E08C} = {CB7C8C7F-87A4-4B72-AF88-2EE06D21D0BB}
		{B4638324-8334-4DF8-A3D1-88954DED8516} = {CB7C8C7F-87A4-4B72-AF88-2EE06D21D0BB}
		{5FB5294C-10D9-4193-9A98-9FD732A7B8F6} = {CB7C8C7F-87A4-4B72-AF88-2EE06D21D0BB}
		{560F6EBD-6C47-486F-B539-84DB24407AC7} = {CB7C8C7F-87A4-4B72-AF88-2EE06D21D0BB}
		{620BDB94-48DB-4D67-A576-69F5D4F2EC44} = {CB7C8C7F-87A4-4B72-AF88-2EE06D21D0BB}
	EndGlobalSection
	GlobalSection(ExtensibilityGlobals) = postSolution
		SolutionGuid = {83CB65B8-011F-4ED7-BCD3-A6CFA935EF7E}
	EndGlobalSection
EndGlobal
